
Microsoft Visual Studio Solution File, Format Version 12.00
# Visual Studio 2012
Project("{FAE04EC0-301F-11D3-BF4B-00C04F79EFBC}") = "rerere", "rerere\rerere.csproj", "{8762E3EC-9418-406C-B14C-F9A245B8F1B7}"
EndProject
Project("{FAE04EC0-301F-11D3-BF4B-00C04F79EFBC}") = "rerere.UITests", "rerere.UITests\rerere.UITests.csproj", "{8E8AF119-CCF3-4848-9E71-2FF8281BC106}"
EndProject
Global
	GlobalSection(SolutionConfigurationPlatforms) = preSolution
		Debug|Any CPU = Debug|Any CPU
		Release|Any CPU = Release|Any CPU
	EndGlobalSection
	GlobalSection(ProjectConfigurationPlatforms) = postSolution
		{8762E3EC-9418-406C-B14C-F9A245B8F1B7}.Debug|Any CPU.ActiveCfg = Debug|Any CPU
		{8762E3EC-9418-406C-B14C-F9A245B8F1B7}.Debug|Any CPU.Build.0 = Debug|Any CPU
		{8762E3EC-9418-406C-B14C-F9A245B8F1B7}.Release|Any CPU.ActiveCfg = Release|Any CPU
		{8762E3EC-9418-406C-B14C-F9A245B8F1B7}.Release|Any CPU.Build.0 = Release|Any CPU
		{8E8AF119-CCF3-4848-9E71-2FF8281BC106}.Debug|Any CPU.ActiveCfg = Debug|Any CPU
		{8E8AF119-CCF3-4848-9E71-2FF8281BC106}.Debug|Any CPU.Build.0 = Debug|Any CPU
		{8E8AF119-CCF3-4848-9E71-2FF8281BC106}.Release|Any CPU.ActiveCfg = Release|Any CPU
		{8E8AF119-CCF3-4848-9E71-2FF8281BC106}.Release|Any CPU.Build.0 = Release|Any CPU
	EndGlobalSection
EndGlobal
